// !$*UTF8*$!
{
	archiveVersion = 1;
	classes = {
	};
	objectVersion = 56;
	objects = {

/* Begin PBXBuildFile section */
		C073E4BE2C735ED80074B14D /* SwiftUIPracticeApp.swift in Sources */ = {isa = PBXBuildFile; fileRef = C073E4BD2C735ED80074B14D /* SwiftUIPracticeApp.swift */; };
		C073E4C02C735ED80074B14D /* ContentView.swift in Sources */ = {isa = PBXBuildFile; fileRef = C073E4BF2C735ED80074B14D /* ContentView.swift */; };
		C073E4C22C735EDA0074B14D /* Assets.xcassets in Resources */ = {isa = PBXBuildFile; fileRef = C073E4C12C735EDA0074B14D /* Assets.xcassets */; };
		C073E4C52C735EDA0074B14D /* Preview Assets.xcassets in Resources */ = {isa = PBXBuildFile; fileRef = C073E4C42C735EDA0074B14D /* Preview Assets.xcassets */; };
		C073E4CD2C735F3A0074B14D /* SDWebImageSwiftUI in Frameworks */ = {isa = PBXBuildFile; productRef = C073E4CC2C735F3A0074B14D /* SDWebImageSwiftUI */; };
		C073E4D02C735F690074B14D /* ImageLoaderView.swift in Sources */ = {isa = PBXBuildFile; fileRef = C073E4CF2C735F690074B14D /* ImageLoaderView.swift */; };
		C073E4D22C735FB70074B14D /* Constants.swift in Sources */ = {isa = PBXBuildFile; fileRef = C073E4D12C735FB70074B14D /* Constants.swift */; };
		C073E4D42C73610B0074B14D /* DatabaseHelper.swift in Sources */ = {isa = PBXBuildFile; fileRef = C073E4D32C73610B0074B14D /* DatabaseHelper.swift */; };
		C073E4D72C7366380074B14D /* Product.swift in Sources */ = {isa = PBXBuildFile; fileRef = C073E4D62C7366380074B14D /* Product.swift */; };
		C073E4D92C7366420074B14D /* User.swift in Sources */ = {isa = PBXBuildFile; fileRef = C073E4D82C7366420074B14D /* User.swift */; };
		C073E4DC2C73688D0074B14D /* SwiftfulUI in Frameworks */ = {isa = PBXBuildFile; productRef = C073E4DB2C73688D0074B14D /* SwiftfulUI */; };
		C073E4DF2C7368AC0074B14D /* SwiftfulRouting in Frameworks */ = {isa = PBXBuildFile; productRef = C073E4DE2C7368AC0074B14D /* SwiftfulRouting */; };
		C073E4E42C736BD80074B14D /* SpotifyHomeView.swift in Sources */ = {isa = PBXBuildFile; fileRef = C073E4E32C736BD80074B14D /* SpotifyHomeView.swift */; };
		C073E4E62C736D940074B14D /* SpotifyCategoryCell.swift in Sources */ = {isa = PBXBuildFile; fileRef = C073E4E52C736D940074B14D /* SpotifyCategoryCell.swift */; };
		C073E4E92C736F1B0074B14D /* Category.swift in Sources */ = {isa = PBXBuildFile; fileRef = C073E4E82C736F1B0074B14D /* Category.swift */; };
		C073E4EB2C737B4B0074B14D /* SpotifyRecentsCell.swift in Sources */ = {isa = PBXBuildFile; fileRef = C073E4EA2C737B4B0074B14D /* SpotifyRecentsCell.swift */; };
		C073E4ED2C737FA20074B14D /* SpotifyNewReleaseCell.swift in Sources */ = {isa = PBXBuildFile; fileRef = C073E4EC2C737FA20074B14D /* SpotifyNewReleaseCell.swift */; };
		C0CBC06D2C75FEB800583EF1 /* ImageTitleRowCell.swift in Sources */ = {isa = PBXBuildFile; fileRef = C0CBC06C2C75FEB800583EF1 /* ImageTitleRowCell.swift */; };
		C0CBC06F2C761AF400583EF1 /* SpotifyPlaylistView.swift in Sources */ = {isa = PBXBuildFile; fileRef = C0CBC06E2C761AF400583EF1 /* SpotifyPlaylistView.swift */; };
		C0CBC0712C761B3300583EF1 /* PlaylistHeaderCell.swift in Sources */ = {isa = PBXBuildFile; fileRef = C0CBC0702C761B3300583EF1 /* PlaylistHeaderCell.swift */; };
		C0CBC0732C7629C100583EF1 /* PlaylistDescriptionCell.swift in Sources */ = {isa = PBXBuildFile; fileRef = C0CBC0722C7629C100583EF1 /* PlaylistDescriptionCell.swift */; };
		C0CBC0752C77081B00583EF1 /* SongRowCell.swift in Sources */ = {isa = PBXBuildFile; fileRef = C0CBC0742C77081B00583EF1 /* SongRowCell.swift */; };
		C0CBC0772C7722A900583EF1 /* SpotifyHomeViewModel.swift in Sources */ = {isa = PBXBuildFile; fileRef = C0CBC0762C7722A900583EF1 /* SpotifyHomeViewModel.swift */; };
		C0CBC07C2C776B0800583EF1 /* BumbleHomeView.swift in Sources */ = {isa = PBXBuildFile; fileRef = C0CBC07B2C776B0800583EF1 /* BumbleHomeView.swift */; };
		C0CBC07E2C7779C800583EF1 /* BumbleFilterView.swift in Sources */ = {isa = PBXBuildFile; fileRef = C0CBC07D2C7779C800583EF1 /* BumbleFilterView.swift */; };
		C0CBC0812C7780B200583EF1 /* FilterType.swift in Sources */ = {isa = PBXBuildFile; fileRef = C0CBC0802C7780B200583EF1 /* FilterType.swift */; };
/* End PBXBuildFile section */

/* Begin PBXFileReference section */
		C073E4BA2C735ED80074B14D /* SwiftUIPractice.app */ = {isa = PBXFileReference; explicitFileType = wrapper.application; includeInIndex = 0; path = SwiftUIPractice.app; sourceTree = BUILT_PRODUCTS_DIR; };
		C073E4BD2C735ED80074B14D /* SwiftUIPracticeApp.swift */ = {isa = PBXFileReference; lastKnownFileType = sourcecode.swift; path = SwiftUIPracticeApp.swift; sourceTree = "<group>"; };
		C073E4BF2C735ED80074B14D /* ContentView.swift */ = {isa = PBXFileReference; lastKnownFileType = sourcecode.swift; path = ContentView.swift; sourceTree = "<group>"; };
		C073E4C12C735EDA0074B14D /* Assets.xcassets */ = {isa = PBXFileReference; lastKnownFileType = folder.assetcatalog; path = Assets.xcassets; sourceTree = "<group>"; };
		C073E4C42C735EDA0074B14D /* Preview Assets.xcassets */ = {isa = PBXFileReference; lastKnownFileType = folder.assetcatalog; path = "Preview Assets.xcassets"; sourceTree = "<group>"; };
		C073E4CF2C735F690074B14D /* ImageLoaderView.swift */ = {isa = PBXFileReference; lastKnownFileType = sourcecode.swift; path = ImageLoaderView.swift; sourceTree = "<group>"; };
		C073E4D12C735FB70074B14D /* Constants.swift */ = {isa = PBXFileReference; lastKnownFileType = sourcecode.swift; path = Constants.swift; sourceTree = "<group>"; };
		C073E4D32C73610B0074B14D /* DatabaseHelper.swift */ = {isa = PBXFileReference; lastKnownFileType = sourcecode.swift; path = DatabaseHelper.swift; sourceTree = "<group>"; };
		C073E4D52C7362210074B14D /* Info.plist */ = {isa = PBXFileReference; lastKnownFileType = text.plist; path = Info.plist; sourceTree = "<group>"; };
		C073E4D62C7366380074B14D /* Product.swift */ = {isa = PBXFileReference; lastKnownFileType = sourcecode.swift; path = Product.swift; sourceTree = "<group>"; };
		C073E4D82C7366420074B14D /* User.swift */ = {isa = PBXFileReference; lastKnownFileType = sourcecode.swift; path = User.swift; sourceTree = "<group>"; };
		C073E4E32C736BD80074B14D /* SpotifyHomeView.swift */ = {isa = PBXFileReference; lastKnownFileType = sourcecode.swift; path = SpotifyHomeView.swift; sourceTree = "<group>"; };
		C073E4E52C736D940074B14D /* SpotifyCategoryCell.swift */ = {isa = PBXFileReference; lastKnownFileType = sourcecode.swift; path = SpotifyCategoryCell.swift; sourceTree = "<group>"; };
		C073E4E82C736F1B0074B14D /* Category.swift */ = {isa = PBXFileReference; lastKnownFileType = sourcecode.swift; path = Category.swift; sourceTree = "<group>"; };
		C073E4EA2C737B4B0074B14D /* SpotifyRecentsCell.swift */ = {isa = PBXFileReference; lastKnownFileType = sourcecode.swift; path = SpotifyRecentsCell.swift; sourceTree = "<group>"; };
		C073E4EC2C737FA20074B14D /* SpotifyNewReleaseCell.swift */ = {isa = PBXFileReference; lastKnownFileType = sourcecode.swift; path = SpotifyNewReleaseCell.swift; sourceTree = "<group>"; };
		C0CBC06C2C75FEB800583EF1 /* ImageTitleRowCell.swift */ = {isa = PBXFileReference; lastKnownFileType = sourcecode.swift; path = ImageTitleRowCell.swift; sourceTree = "<group>"; };
		C0CBC06E2C761AF400583EF1 /* SpotifyPlaylistView.swift */ = {isa = PBXFileReference; lastKnownFileType = sourcecode.swift; path = SpotifyPlaylistView.swift; sourceTree = "<group>"; };
		C0CBC0702C761B3300583EF1 /* PlaylistHeaderCell.swift */ = {isa = PBXFileReference; lastKnownFileType = sourcecode.swift; path = PlaylistHeaderCell.swift; sourceTree = "<group>"; };
		C0CBC0722C7629C100583EF1 /* PlaylistDescriptionCell.swift */ = {isa = PBXFileReference; lastKnownFileType = sourcecode.swift; path = PlaylistDescriptionCell.swift; sourceTree = "<group>"; };
		C0CBC0742C77081B00583EF1 /* SongRowCell.swift */ = {isa = PBXFileReference; lastKnownFileType = sourcecode.swift; path = SongRowCell.swift; sourceTree = "<group>"; };
		C0CBC0762C7722A900583EF1 /* SpotifyHomeViewModel.swift */ = {isa = PBXFileReference; lastKnownFileType = sourcecode.swift; path = SpotifyHomeViewModel.swift; sourceTree = "<group>"; };
		C0CBC07B2C776B0800583EF1 /* BumbleHomeView.swift */ = {isa = PBXFileReference; lastKnownFileType = sourcecode.swift; path = BumbleHomeView.swift; sourceTree = "<group>"; };
		C0CBC07D2C7779C800583EF1 /* BumbleFilterView.swift */ = {isa = PBXFileReference; lastKnownFileType = sourcecode.swift; path = BumbleFilterView.swift; sourceTree = "<group>"; };
		C0CBC0802C7780B200583EF1 /* FilterType.swift */ = {isa = PBXFileReference; lastKnownFileType = sourcecode.swift; path = FilterType.swift; sourceTree = "<group>"; };
/* End PBXFileReference section */

/* Begin PBXFrameworksBuildPhase section */
		C073E4B72C735ED80074B14D /* Frameworks */ = {
			isa = PBXFrameworksBuildPhase;
			buildActionMask = 2147483647;
			files = (
				C073E4DC2C73688D0074B14D /* SwiftfulUI in Frameworks */,
				C073E4DF2C7368AC0074B14D /* SwiftfulRouting in Frameworks */,
				C073E4CD2C735F3A0074B14D /* SDWebImageSwiftUI in Frameworks */,
			);
			runOnlyForDeploymentPostprocessing = 0;
		};
/* End PBXFrameworksBuildPhase section */

/* Begin PBXGroup section */
		C073E4B12C735ED80074B14D = {
			isa = PBXGroup;
			children = (
				C073E4BC2C735ED80074B14D /* SwiftUIPractice */,
				C073E4BB2C735ED80074B14D /* Products */,
			);
			sourceTree = "<group>";
		};
		C073E4BB2C735ED80074B14D /* Products */ = {
			isa = PBXGroup;
			children = (
				C073E4BA2C735ED80074B14D /* SwiftUIPractice.app */,
			);
			name = Products;
			sourceTree = "<group>";
		};
		C073E4BC2C735ED80074B14D /* SwiftUIPractice */ = {
			isa = PBXGroup;
			children = (
				C073E4D52C7362210074B14D /* Info.plist */,
				C0CBC0782C7769CC00583EF1 /* Bumble */,
				C073E4E02C736BB50074B14D /* Spotify */,
				C073E4CE2C735F4E0074B14D /* Shared */,
				C073E4BD2C735ED80074B14D /* SwiftUIPracticeApp.swift */,
				C073E4BF2C735ED80074B14D /* ContentView.swift */,
				C073E4C12C735EDA0074B14D /* Assets.xcassets */,
				C073E4C32C735EDA0074B14D /* Preview Content */,
			);
			path = SwiftUIPractice;
			sourceTree = "<group>";
		};
		C073E4C32C735EDA0074B14D /* Preview Content */ = {
			isa = PBXGroup;
			children = (
				C073E4C42C735EDA0074B14D /* Preview Assets.xcassets */,
			);
			path = "Preview Content";
			sourceTree = "<group>";
		};
		C073E4CE2C735F4E0074B14D /* Shared */ = {
			isa = PBXGroup;
			children = (
				C073E4CF2C735F690074B14D /* ImageLoaderView.swift */,
				C073E4D12C735FB70074B14D /* Constants.swift */,
				C073E4D32C73610B0074B14D /* DatabaseHelper.swift */,
				C073E4D62C7366380074B14D /* Product.swift */,
				C073E4D82C7366420074B14D /* User.swift */,
			);
			path = Shared;
			sourceTree = "<group>";
		};
		C073E4E02C736BB50074B14D /* Spotify */ = {
			isa = PBXGroup;
			children = (
				C073E4E72C736F110074B14D /* Models */,
				C073E4E22C736BC40074B14D /* Components */,
				C073E4E12C736BBF0074B14D /* Core */,
			);
			path = Spotify;
			sourceTree = "<group>";
		};
		C073E4E12C736BBF0074B14D /* Core */ = {
			isa = PBXGroup;
			children = (
				C073E4E32C736BD80074B14D /* SpotifyHomeView.swift */,
				C0CBC06E2C761AF400583EF1 /* SpotifyPlaylistView.swift */,
				C0CBC0762C7722A900583EF1 /* SpotifyHomeViewModel.swift */,
			);
			path = Core;
			sourceTree = "<group>";
		};
		C073E4E22C736BC40074B14D /* Components */ = {
			isa = PBXGroup;
			children = (
				C073E4E52C736D940074B14D /* SpotifyCategoryCell.swift */,
				C073E4EA2C737B4B0074B14D /* SpotifyRecentsCell.swift */,
				C073E4EC2C737FA20074B14D /* SpotifyNewReleaseCell.swift */,
				C0CBC06C2C75FEB800583EF1 /* ImageTitleRowCell.swift */,
				C0CBC0702C761B3300583EF1 /* PlaylistHeaderCell.swift */,
				C0CBC0722C7629C100583EF1 /* PlaylistDescriptionCell.swift */,
				C0CBC0742C77081B00583EF1 /* SongRowCell.swift */,
			);
			path = Components;
			sourceTree = "<group>";
		};
		C073E4E72C736F110074B14D /* Models */ = {
			isa = PBXGroup;
			children = (
				C073E4E82C736F1B0074B14D /* Category.swift */,
			);
			path = Models;
			sourceTree = "<group>";
		};
		C0CBC0782C7769CC00583EF1 /* Bumble */ = {
			isa = PBXGroup;
			children = (
				C0CBC07F2C7780A400583EF1 /* Models */,
				C0CBC07A2C776AF700583EF1 /* Core */,
				C0CBC0792C776AED00583EF1 /* Components */,
			);
			path = Bumble;
			sourceTree = "<group>";
		};
		C0CBC0792C776AED00583EF1 /* Components */ = {
			isa = PBXGroup;
			children = (
				C0CBC07D2C7779C800583EF1 /* BumbleFilterView.swift */,
			);
			path = Components;
			sourceTree = "<group>";
		};
		C0CBC07A2C776AF700583EF1 /* Core */ = {
			isa = PBXGroup;
			children = (
				C0CBC07B2C776B0800583EF1 /* BumbleHomeView.swift */,
			);
			path = Core;
			sourceTree = "<group>";
		};
		C0CBC07F2C7780A400583EF1 /* Models */ = {
			isa = PBXGroup;
			children = (
				C0CBC0802C7780B200583EF1 /* FilterType.swift */,
			);
			path = Models;
			sourceTree = "<group>";
		};
/* End PBXGroup section */

/* Begin PBXNativeTarget section */
		C073E4B92C735ED80074B14D /* SwiftUIPractice */ = {
			isa = PBXNativeTarget;
			buildConfigurationList = C073E4C82C735EDA0074B14D /* Build configuration list for PBXNativeTarget "SwiftUIPractice" */;
			buildPhases = (
				C073E4B62C735ED80074B14D /* Sources */,
				C073E4B72C735ED80074B14D /* Frameworks */,
				C073E4B82C735ED80074B14D /* Resources */,
			);
			buildRules = (
			);
			dependencies = (
			);
			name = SwiftUIPractice;
			packageProductDependencies = (
				C073E4CC2C735F3A0074B14D /* SDWebImageSwiftUI */,
				C073E4DB2C73688D0074B14D /* SwiftfulUI */,
				C073E4DE2C7368AC0074B14D /* SwiftfulRouting */,
			);
			productName = SwiftUIPractice;
			productReference = C073E4BA2C735ED80074B14D /* SwiftUIPractice.app */;
			productType = "com.apple.product-type.application";
		};
/* End PBXNativeTarget section */

/* Begin PBXProject section */
		C073E4B22C735ED80074B14D /* Project object */ = {
			isa = PBXProject;
			attributes = {
				BuildIndependentTargetsInParallel = 1;
				LastSwiftUpdateCheck = 1540;
				LastUpgradeCheck = 1540;
				TargetAttributes = {
					C073E4B92C735ED80074B14D = {
						CreatedOnToolsVersion = 15.4;
					};
				};
			};
			buildConfigurationList = C073E4B52C735ED80074B14D /* Build configuration list for PBXProject "SwiftUIPractice" */;
			compatibilityVersion = "Xcode 14.0";
			developmentRegion = en;
			hasScannedForEncodings = 0;
			knownRegions = (
				en,
				Base,
			);
			mainGroup = C073E4B12C735ED80074B14D;
			packageReferences = (
				C073E4CB2C735F3A0074B14D /* XCRemoteSwiftPackageReference "SDWebImageSwiftUI" */,
				C073E4DA2C73688D0074B14D /* XCRemoteSwiftPackageReference "SwiftfulUI" */,
				C073E4DD2C7368AC0074B14D /* XCRemoteSwiftPackageReference "SwiftfulRouting" */,
			);
			productRefGroup = C073E4BB2C735ED80074B14D /* Products */;
			projectDirPath = "";
			projectRoot = "";
			targets = (
				C073E4B92C735ED80074B14D /* SwiftUIPractice */,
			);
		};
/* End PBXProject section */

/* Begin PBXResourcesBuildPhase section */
		C073E4B82C735ED80074B14D /* Resources */ = {
			isa = PBXResourcesBuildPhase;
			buildActionMask = 2147483647;
			files = (
				C073E4C52C735EDA0074B14D /* Preview Assets.xcassets in Resources */,
				C073E4C22C735EDA0074B14D /* Assets.xcassets in Resources */,
			);
			runOnlyForDeploymentPostprocessing = 0;
		};
/* End PBXResourcesBuildPhase section */

/* Begin PBXSourcesBuildPhase section */
		C073E4B62C735ED80074B14D /* Sources */ = {
			isa = PBXSourcesBuildPhase;
			buildActionMask = 2147483647;
			files = (
				C0CBC07C2C776B0800583EF1 /* BumbleHomeView.swift in Sources */,
				C073E4D02C735F690074B14D /* ImageLoaderView.swift in Sources */,
				C073E4E92C736F1B0074B14D /* Category.swift in Sources */,
				C073E4E62C736D940074B14D /* SpotifyCategoryCell.swift in Sources */,
				C073E4ED2C737FA20074B14D /* SpotifyNewReleaseCell.swift in Sources */,
				C0CBC0712C761B3300583EF1 /* PlaylistHeaderCell.swift in Sources */,
				C073E4D42C73610B0074B14D /* DatabaseHelper.swift in Sources */,
				C073E4E42C736BD80074B14D /* SpotifyHomeView.swift in Sources */,
				C0CBC06D2C75FEB800583EF1 /* ImageTitleRowCell.swift in Sources */,
				C0CBC07E2C7779C800583EF1 /* BumbleFilterView.swift in Sources */,
				C0CBC06F2C761AF400583EF1 /* SpotifyPlaylistView.swift in Sources */,
				C073E4C02C735ED80074B14D /* ContentView.swift in Sources */,
				C073E4BE2C735ED80074B14D /* SwiftUIPracticeApp.swift in Sources */,
				C073E4D22C735FB70074B14D /* Constants.swift in Sources */,
				C0CBC0812C7780B200583EF1 /* FilterType.swift in Sources */,
				C0CBC0772C7722A900583EF1 /* SpotifyHomeViewModel.swift in Sources */,
				C073E4EB2C737B4B0074B14D /* SpotifyRecentsCell.swift in Sources */,
				C073E4D72C7366380074B14D /* Product.swift in Sources */,
				C0CBC0752C77081B00583EF1 /* SongRowCell.swift in Sources */,
				C0CBC0732C7629C100583EF1 /* PlaylistDescriptionCell.swift in Sources */,
				C073E4D92C7366420074B14D /* User.swift in Sources */,
			);
			runOnlyForDeploymentPostprocessing = 0;
		};
/* End PBXSourcesBuildPhase section */

/* Begin XCBuildConfiguration section */
		C073E4C62C735EDA0074B14D /* Debug */ = {
			isa = XCBuildConfiguration;
			buildSettings = {
				ALWAYS_SEARCH_USER_PATHS = NO;
				ASSETCATALOG_COMPILER_GENERATE_SWIFT_ASSET_SYMBOL_EXTENSIONS = YES;
				CLANG_ANALYZER_NONNULL = YES;
				CLANG_ANALYZER_NUMBER_OBJECT_CONVERSION = YES_AGGRESSIVE;
				CLANG_CXX_LANGUAGE_STANDARD = "gnu++20";
				CLANG_ENABLE_MODULES = YES;
				CLANG_ENABLE_OBJC_ARC = YES;
				CLANG_ENABLE_OBJC_WEAK = YES;
				CLANG_WARN_BLOCK_CAPTURE_AUTORELEASING = YES;
				CLANG_WARN_BOOL_CONVERSION = YES;
				CLANG_WARN_COMMA = YES;
				CLANG_WARN_CONSTANT_CONVERSION = YES;
				CLANG_WARN_DEPRECATED_OBJC_IMPLEMENTATIONS = YES;
				CLANG_WARN_DIRECT_OBJC_ISA_USAGE = YES_ERROR;
				CLANG_WARN_DOCUMENTATION_COMMENTS = YES;
				CLANG_WARN_EMPTY_BODY = YES;
				CLANG_WARN_ENUM_CONVERSION = YES;
				CLANG_WARN_INFINITE_RECURSION = YES;
				CLANG_WARN_INT_CONVERSION = YES;
				CLANG_WARN_NON_LITERAL_NULL_CONVERSION = YES;
				CLANG_WARN_OBJC_IMPLICIT_RETAIN_SELF = YES;
				CLANG_WARN_OBJC_LITERAL_CONVERSION = YES;
				CLANG_WARN_OBJC_ROOT_CLASS = YES_ERROR;
				CLANG_WARN_QUOTED_INCLUDE_IN_FRAMEWORK_HEADER = YES;
				CLANG_WARN_RANGE_LOOP_ANALYSIS = YES;
				CLANG_WARN_STRICT_PROTOTYPES = YES;
				CLANG_WARN_SUSPICIOUS_MOVE = YES;
				CLANG_WARN_UNGUARDED_AVAILABILITY = YES_AGGRESSIVE;
				CLANG_WARN_UNREACHABLE_CODE = YES;
				CLANG_WARN__DUPLICATE_METHOD_MATCH = YES;
				COPY_PHASE_STRIP = NO;
				DEBUG_INFORMATION_FORMAT = dwarf;
				ENABLE_STRICT_OBJC_MSGSEND = YES;
				ENABLE_TESTABILITY = YES;
				ENABLE_USER_SCRIPT_SANDBOXING = YES;
				GCC_C_LANGUAGE_STANDARD = gnu17;
				GCC_DYNAMIC_NO_PIC = NO;
				GCC_NO_COMMON_BLOCKS = YES;
				GCC_OPTIMIZATION_LEVEL = 0;
				GCC_PREPROCESSOR_DEFINITIONS = (
					"DEBUG=1",
					"$(inherited)",
				);
				GCC_WARN_64_TO_32_BIT_CONVERSION = YES;
				GCC_WARN_ABOUT_RETURN_TYPE = YES_ERROR;
				GCC_WARN_UNDECLARED_SELECTOR = YES;
				GCC_WARN_UNINITIALIZED_AUTOS = YES_AGGRESSIVE;
				GCC_WARN_UNUSED_FUNCTION = YES;
				GCC_WARN_UNUSED_VARIABLE = YES;
				IPHONEOS_DEPLOYMENT_TARGET = 17.5;
				LOCALIZATION_PREFERS_STRING_CATALOGS = YES;
				MTL_ENABLE_DEBUG_INFO = INCLUDE_SOURCE;
				MTL_FAST_MATH = YES;
				ONLY_ACTIVE_ARCH = YES;
				SDKROOT = iphoneos;
				SWIFT_ACTIVE_COMPILATION_CONDITIONS = "DEBUG $(inherited)";
				SWIFT_OPTIMIZATION_LEVEL = "-Onone";
			};
			name = Debug;
		};
		C073E4C72C735EDA0074B14D /* Release */ = {
			isa = XCBuildConfiguration;
			buildSettings = {
				ALWAYS_SEARCH_USER_PATHS = NO;
				ASSETCATALOG_COMPILER_GENERATE_SWIFT_ASSET_SYMBOL_EXTENSIONS = YES;
				CLANG_ANALYZER_NONNULL = YES;
				CLANG_ANALYZER_NUMBER_OBJECT_CONVERSION = YES_AGGRESSIVE;
				CLANG_CXX_LANGUAGE_STANDARD = "gnu++20";
				CLANG_ENABLE_MODULES = YES;
				CLANG_ENABLE_OBJC_ARC = YES;
				CLANG_ENABLE_OBJC_WEAK = YES;
				CLANG_WARN_BLOCK_CAPTURE_AUTORELEASING = YES;
				CLANG_WARN_BOOL_CONVERSION = YES;
				CLANG_WARN_COMMA = YES;
				CLANG_WARN_CONSTANT_CONVERSION = YES;
				CLANG_WARN_DEPRECATED_OBJC_IMPLEMENTATIONS = YES;
				CLANG_WARN_DIRECT_OBJC_ISA_USAGE = YES_ERROR;
				CLANG_WARN_DOCUMENTATION_COMMENTS = YES;
				CLANG_WARN_EMPTY_BODY = YES;
				CLANG_WARN_ENUM_CONVERSION = YES;
				CLANG_WARN_INFINITE_RECURSION = YES;
				CLANG_WARN_INT_CONVERSION = YES;
				CLANG_WARN_NON_LITERAL_NULL_CONVERSION = YES;
				CLANG_WARN_OBJC_IMPLICIT_RETAIN_SELF = YES;
				CLANG_WARN_OBJC_LITERAL_CONVERSION = YES;
				CLANG_WARN_OBJC_ROOT_CLASS = YES_ERROR;
				CLANG_WARN_QUOTED_INCLUDE_IN_FRAMEWORK_HEADER = YES;
				CLANG_WARN_RANGE_LOOP_ANALYSIS = YES;
				CLANG_WARN_STRICT_PROTOTYPES = YES;
				CLANG_WARN_SUSPICIOUS_MOVE = YES;
				CLANG_WARN_UNGUARDED_AVAILABILITY = YES_AGGRESSIVE;
				CLANG_WARN_UNREACHABLE_CODE = YES;
				CLANG_WARN__DUPLICATE_METHOD_MATCH = YES;
				COPY_PHASE_STRIP = NO;
				DEBUG_INFORMATION_FORMAT = "dwarf-with-dsym";
				ENABLE_NS_ASSERTIONS = NO;
				ENABLE_STRICT_OBJC_MSGSEND = YES;
				ENABLE_USER_SCRIPT_SANDBOXING = YES;
				GCC_C_LANGUAGE_STANDARD = gnu17;
				GCC_NO_COMMON_BLOCKS = YES;
				GCC_WARN_64_TO_32_BIT_CONVERSION = YES;
				GCC_WARN_ABOUT_RETURN_TYPE = YES_ERROR;
				GCC_WARN_UNDECLARED_SELECTOR = YES;
				GCC_WARN_UNINITIALIZED_AUTOS = YES_AGGRESSIVE;
				GCC_WARN_UNUSED_FUNCTION = YES;
				GCC_WARN_UNUSED_VARIABLE = YES;
				IPHONEOS_DEPLOYMENT_TARGET = 17.5;
				LOCALIZATION_PREFERS_STRING_CATALOGS = YES;
				MTL_ENABLE_DEBUG_INFO = NO;
				MTL_FAST_MATH = YES;
				SDKROOT = iphoneos;
				SWIFT_COMPILATION_MODE = wholemodule;
				VALIDATE_PRODUCT = YES;
			};
			name = Release;
		};
		C073E4C92C735EDA0074B14D /* Debug */ = {
			isa = XCBuildConfiguration;
			buildSettings = {
				ASSETCATALOG_COMPILER_APPICON_NAME = AppIcon;
				ASSETCATALOG_COMPILER_GLOBAL_ACCENT_COLOR_NAME = AccentColor;
				CODE_SIGN_STYLE = Automatic;
				CURRENT_PROJECT_VERSION = 1;
				DEVELOPMENT_ASSET_PATHS = "\"SwiftUIPractice/Preview Content\"";
				DEVELOPMENT_TEAM = US7VK42U5H;
				ENABLE_PREVIEWS = YES;
				GENERATE_INFOPLIST_FILE = YES;
				INFOPLIST_FILE = SwiftUIPractice/Info.plist;
				INFOPLIST_KEY_UIApplicationSceneManifest_Generation = YES;
				INFOPLIST_KEY_UIApplicationSupportsIndirectInputEvents = YES;
				INFOPLIST_KEY_UILaunchScreen_Generation = YES;
				INFOPLIST_KEY_UISupportedInterfaceOrientations_iPad = "UIInterfaceOrientationPortrait UIInterfaceOrientationPortraitUpsideDown UIInterfaceOrientationLandscapeLeft UIInterfaceOrientationLandscapeRight";
				INFOPLIST_KEY_UISupportedInterfaceOrientations_iPhone = "UIInterfaceOrientationPortrait UIInterfaceOrientationLandscapeLeft UIInterfaceOrientationLandscapeRight";
				LD_RUNPATH_SEARCH_PATHS = (
					"$(inherited)",
					"@executable_path/Frameworks",
				);
				MARKETING_VERSION = 1.0;
				PRODUCT_BUNDLE_IDENTIFIER = com.celikmelih.SwiftUIPractice;
				PRODUCT_NAME = "$(TARGET_NAME)";
				SWIFT_EMIT_LOC_STRINGS = YES;
				SWIFT_VERSION = 5.0;
				TARGETED_DEVICE_FAMILY = "1,2";
			};
			name = Debug;
		};
		C073E4CA2C735EDA0074B14D /* Release */ = {
			isa = XCBuildConfiguration;
			buildSettings = {
				ASSETCATALOG_COMPILER_APPICON_NAME = AppIcon;
				ASSETCATALOG_COMPILER_GLOBAL_ACCENT_COLOR_NAME = AccentColor;
				CODE_SIGN_STYLE = Automatic;
				CURRENT_PROJECT_VERSION = 1;
				DEVELOPMENT_ASSET_PATHS = "\"SwiftUIPractice/Preview Content\"";
				DEVELOPMENT_TEAM = US7VK42U5H;
				ENABLE_PREVIEWS = YES;
				GENERATE_INFOPLIST_FILE = YES;
				INFOPLIST_FILE = SwiftUIPractice/Info.plist;
				INFOPLIST_KEY_UIApplicationSceneManifest_Generation = YES;
				INFOPLIST_KEY_UIApplicationSupportsIndirectInputEvents = YES;
				INFOPLIST_KEY_UILaunchScreen_Generation = YES;
				INFOPLIST_KEY_UISupportedInterfaceOrientations_iPad = "UIInterfaceOrientationPortrait UIInterfaceOrientationPortraitUpsideDown UIInterfaceOrientationLandscapeLeft UIInterfaceOrientationLandscapeRight";
				INFOPLIST_KEY_UISupportedInterfaceOrientations_iPhone = "UIInterfaceOrientationPortrait UIInterfaceOrientationLandscapeLeft UIInterfaceOrientationLandscapeRight";
				LD_RUNPATH_SEARCH_PATHS = (
					"$(inherited)",
					"@executable_path/Frameworks",
				);
				MARKETING_VERSION = 1.0;
				PRODUCT_BUNDLE_IDENTIFIER = com.celikmelih.SwiftUIPractice;
				PRODUCT_NAME = "$(TARGET_NAME)";
				SWIFT_EMIT_LOC_STRINGS = YES;
				SWIFT_VERSION = 5.0;
				TARGETED_DEVICE_FAMILY = "1,2";
			};
			name = Release;
		};
/* End XCBuildConfiguration section */

/* Begin XCConfigurationList section */
		C073E4B52C735ED80074B14D /* Build configuration list for PBXProject "SwiftUIPractice" */ = {
			isa = XCConfigurationList;
			buildConfigurations = (
				C073E4C62C735EDA0074B14D /* Debug */,
				C073E4C72C735EDA0074B14D /* Release */,
			);
			defaultConfigurationIsVisible = 0;
			defaultConfigurationName = Release;
		};
		C073E4C82C735EDA0074B14D /* Build configuration list for PBXNativeTarget "SwiftUIPractice" */ = {
			isa = XCConfigurationList;
			buildConfigurations = (
				C073E4C92C735EDA0074B14D /* Debug */,
				C073E4CA2C735EDA0074B14D /* Release */,
			);
			defaultConfigurationIsVisible = 0;
			defaultConfigurationName = Release;
		};
/* End XCConfigurationList section */

/* Begin XCRemoteSwiftPackageReference section */
		C073E4CB2C735F3A0074B14D /* XCRemoteSwiftPackageReference "SDWebImageSwiftUI" */ = {
			isa = XCRemoteSwiftPackageReference;
			repositoryURL = "https://github.com/SDWebImage/SDWebImageSwiftUI.git";
			requirement = {
				kind = upToNextMajorVersion;
				minimumVersion = 3.1.1;
			};
		};
		C073E4DA2C73688D0074B14D /* XCRemoteSwiftPackageReference "SwiftfulUI" */ = {
			isa = XCRemoteSwiftPackageReference;
			repositoryURL = "https://github.com/SwiftfulThinking/SwiftfulUI.git";
			requirement = {
				kind = upToNextMajorVersion;
				minimumVersion = 1.2.0;
			};
		};
		C073E4DD2C7368AC0074B14D /* XCRemoteSwiftPackageReference "SwiftfulRouting" */ = {
			isa = XCRemoteSwiftPackageReference;
			repositoryURL = "https://github.com/SwiftfulThinking/SwiftfulRouting.git";
			requirement = {
				kind = upToNextMajorVersion;
				minimumVersion = 5.3.5;
			};
		};
/* End XCRemoteSwiftPackageReference section */

/* Begin XCSwiftPackageProductDependency section */
		C073E4CC2C735F3A0074B14D /* SDWebImageSwiftUI */ = {
			isa = XCSwiftPackageProductDependency;
			package = C073E4CB2C735F3A0074B14D /* XCRemoteSwiftPackageReference "SDWebImageSwiftUI" */;
			productName = SDWebImageSwiftUI;
		};
		C073E4DB2C73688D0074B14D /* SwiftfulUI */ = {
			isa = XCSwiftPackageProductDependency;
			package = C073E4DA2C73688D0074B14D /* XCRemoteSwiftPackageReference "SwiftfulUI" */;
			productName = SwiftfulUI;
		};
		C073E4DE2C7368AC0074B14D /* SwiftfulRouting */ = {
			isa = XCSwiftPackageProductDependency;
			package = C073E4DD2C7368AC0074B14D /* XCRemoteSwiftPackageReference "SwiftfulRouting" */;
			productName = SwiftfulRouting;
		};
/* End XCSwiftPackageProductDependency section */
	};
	rootObject = C073E4B22C735ED80074B14D /* Project object */;
}
